
Microsoft Visual Studio Solution File, Format Version 12.00
# Visual Studio 15
VisualStudioVersion = 15.0.28307.489
MinimumVisualStudioVersion = 10.0.40219.1
Project("{FAE04EC0-301F-11D3-BF4B-00C04F79EFBC}") = "Cadastramento_MVVM.Android", "Cadastramento_MVVM\Cadastramento_MVVM.Android\Cadastramento_MVVM.Android.csproj", "{5163E7B7-D214-46F1-AF99-BBC73B8BC688}"
EndProject
Project("{FAE04EC0-301F-11D3-BF4B-00C04F79EFBC}") = "Cadastramento_MVVM", "Cadastramento_MVVM\Cadastramento_MVVM\Cadastramento_MVVM.csproj", "{9DE64397-27AD-4523-8EA8-5A343EEE6284}"
EndProject
Global
	GlobalSection(SolutionConfigurationPlatforms) = preSolution
		Debug|Any CPU = Debug|Any CPU
		Release|Any CPU = Release|Any CPU
	EndGlobalSection
	GlobalSection(ProjectConfigurationPlatforms) = postSolution
		{5163E7B7-D214-46F1-AF99-BBC73B8BC688}.Debug|Any CPU.ActiveCfg = Debug|Any CPU
		{5163E7B7-D214-46F1-AF99-BBC73B8BC688}.Debug|Any CPU.Build.0 = Debug|Any CPU
		{5163E7B7-D214-46F1-AF99-BBC73B8BC688}.Debug|Any CPU.Deploy.0 = Debug|Any CPU
		{5163E7B7-D214-46F1-AF99-BBC73B8BC688}.Release|Any CPU.ActiveCfg = Release|Any CPU
		{5163E7B7-D214-46F1-AF99-BBC73B8BC688}.Release|Any CPU.Build.0 = Release|Any CPU
		{5163E7B7-D214-46F1-AF99-BBC73B8BC688}.Release|Any CPU.Deploy.0 = Release|Any CPU
		{9DE64397-27AD-4523-8EA8-5A343EEE6284}.Debug|Any CPU.ActiveCfg = Debug|Any CPU
		{9DE64397-27AD-4523-8EA8-5A343EEE6284}.Debug|Any CPU.Build.0 = Debug|Any CPU
		{9DE64397-27AD-4523-8EA8-5A343EEE6284}.Debug|Any CPU.Deploy.0 = Debug|Any CPU
		{9DE64397-27AD-4523-8EA8-5A343EEE6284}.Release|Any CPU.ActiveCfg = Release|Any CPU
		{9DE64397-27AD-4523-8EA8-5A343EEE6284}.Release|Any CPU.Build.0 = Release|Any CPU
		{9DE64397-27AD-4523-8EA8-5A343EEE6284}.Release|Any CPU.Deploy.0 = Release|Any CPU
	EndGlobalSection
	GlobalSection(SolutionProperties) = preSolution
		HideSolutionNode = FALSE
	EndGlobalSection
	GlobalSection(ExtensibilityGlobals) = postSolution
		SolutionGuid = {72F7191E-4D05-4104-B864-1A8D840F4124}
	EndGlobalSection
EndGlobal
